// !$*UTF8*$!
{
	archiveVersion = 1;
	classes = {
	};
	objectVersion = 56;
	objects = {

/* Begin PBXBuildFile section */
		A8568D2D2AA4EC1000996C16 /* CombineAppApp.swift in Sources */ = {isa = PBXBuildFile; fileRef = A8568D2C2AA4EC1000996C16 /* CombineAppApp.swift */; };
		A8568D2F2AA4EC1000996C16 /* ContentView.swift in Sources */ = {isa = PBXBuildFile; fileRef = A8568D2E2AA4EC1000996C16 /* ContentView.swift */; };
		A8568D312AA4EC1000996C16 /* Assets.xcassets in Resources */ = {isa = PBXBuildFile; fileRef = A8568D302AA4EC1000996C16 /* Assets.xcassets */; };
		A8568D342AA4EC1000996C16 /* Preview Assets.xcassets in Resources */ = {isa = PBXBuildFile; fileRef = A8568D332AA4EC1000996C16 /* Preview Assets.xcassets */; };
		A8568D3C2AA4EC6900996C16 /* HTTPClient.swift in Sources */ = {isa = PBXBuildFile; fileRef = A8568D3B2AA4EC6900996C16 /* HTTPClient.swift */; };
		A8568D3E2AA4F1A900996C16 /* PopulationViewModel.swift in Sources */ = {isa = PBXBuildFile; fileRef = A8568D3D2AA4F1A900996C16 /* PopulationViewModel.swift */; };
		A89807D62AADE440007955E7 /* FeedView.swift in Sources */ = {isa = PBXBuildFile; fileRef = A89807D52AADE440007955E7 /* FeedView.swift */; };
		A89807D92AADE554007955E7 /* FeedViewModel.swift in Sources */ = {isa = PBXBuildFile; fileRef = A89807D82AADE554007955E7 /* FeedViewModel.swift */; };
		A89807DC2AADE59D007955E7 /* Feed.swift in Sources */ = {isa = PBXBuildFile; fileRef = A89807DB2AADE59D007955E7 /* Feed.swift */; };
		A89807DF2AADE5BF007955E7 /* Population.swift in Sources */ = {isa = PBXBuildFile; fileRef = A89807DE2AADE5BF007955E7 /* Population.swift */; };
/* End PBXBuildFile section */

/* Begin PBXFileReference section */
		A8568D292AA4EC1000996C16 /* CombineApp.app */ = {isa = PBXFileReference; explicitFileType = wrapper.application; includeInIndex = 0; path = CombineApp.app; sourceTree = BUILT_PRODUCTS_DIR; };
		A8568D2C2AA4EC1000996C16 /* CombineAppApp.swift */ = {isa = PBXFileReference; lastKnownFileType = sourcecode.swift; path = CombineAppApp.swift; sourceTree = "<group>"; };
		A8568D2E2AA4EC1000996C16 /* ContentView.swift */ = {isa = PBXFileReference; lastKnownFileType = sourcecode.swift; path = ContentView.swift; sourceTree = "<group>"; };
		A8568D302AA4EC1000996C16 /* Assets.xcassets */ = {isa = PBXFileReference; lastKnownFileType = folder.assetcatalog; path = Assets.xcassets; sourceTree = "<group>"; };
		A8568D332AA4EC1000996C16 /* Preview Assets.xcassets */ = {isa = PBXFileReference; lastKnownFileType = folder.assetcatalog; path = "Preview Assets.xcassets"; sourceTree = "<group>"; };
		A8568D3B2AA4EC6900996C16 /* HTTPClient.swift */ = {isa = PBXFileReference; lastKnownFileType = sourcecode.swift; path = HTTPClient.swift; sourceTree = "<group>"; };
		A8568D3D2AA4F1A900996C16 /* PopulationViewModel.swift */ = {isa = PBXFileReference; lastKnownFileType = sourcecode.swift; path = PopulationViewModel.swift; sourceTree = "<group>"; };
		A89807D52AADE440007955E7 /* FeedView.swift */ = {isa = PBXFileReference; lastKnownFileType = sourcecode.swift; path = FeedView.swift; sourceTree = "<group>"; };
		A89807D82AADE554007955E7 /* FeedViewModel.swift */ = {isa = PBXFileReference; fileEncoding = 4; lastKnownFileType = sourcecode.swift; path = FeedViewModel.swift; sourceTree = "<group>"; };
		A89807DB2AADE59D007955E7 /* Feed.swift */ = {isa = PBXFileReference; lastKnownFileType = sourcecode.swift; path = Feed.swift; sourceTree = "<group>"; };
		A89807DE2AADE5BF007955E7 /* Population.swift */ = {isa = PBXFileReference; lastKnownFileType = sourcecode.swift; path = Population.swift; sourceTree = "<group>"; };
/* End PBXFileReference section */

/* Begin PBXFrameworksBuildPhase section */
		A8568D262AA4EC1000996C16 /* Frameworks */ = {
			isa = PBXFrameworksBuildPhase;
			buildActionMask = 2147483647;
			files = (
			);
			runOnlyForDeploymentPostprocessing = 0;
		};
/* End PBXFrameworksBuildPhase section */

/* Begin PBXGroup section */
		A84141E02AB3FE5600CC9611 /* View */ = {
			isa = PBXGroup;
			children = (
				A8568D2E2AA4EC1000996C16 /* ContentView.swift */,
				A89807D52AADE440007955E7 /* FeedView.swift */,
			);
			path = View;
			sourceTree = "<group>";
		};
		A8568D202AA4EC1000996C16 = {
			isa = PBXGroup;
			children = (
				A8568D2B2AA4EC1000996C16 /* CombineApp */,
				A8568D2A2AA4EC1000996C16 /* Products */,
			);
			sourceTree = "<group>";
		};
		A8568D2A2AA4EC1000996C16 /* Products */ = {
			isa = PBXGroup;
			children = (
				A8568D292AA4EC1000996C16 /* CombineApp.app */,
			);
			name = Products;
			sourceTree = "<group>";
		};
		A8568D2B2AA4EC1000996C16 /* CombineApp */ = {
			isa = PBXGroup;
			children = (
				A84141E02AB3FE5600CC9611 /* View */,
				A89807DA2AADE583007955E7 /* Model */,
				A89807D72AADE4A8007955E7 /* ViewModel */,
				A8568D3A2AA4EC2D00996C16 /* Network */,
				A8568D2C2AA4EC1000996C16 /* CombineAppApp.swift */,
				A8568D302AA4EC1000996C16 /* Assets.xcassets */,
				A8568D322AA4EC1000996C16 /* Preview Content */,
			);
			path = CombineApp;
			sourceTree = "<group>";
		};
		A8568D322AA4EC1000996C16 /* Preview Content */ = {
			isa = PBXGroup;
			children = (
				A8568D332AA4EC1000996C16 /* Preview Assets.xcassets */,
			);
			path = "Preview Content";
			sourceTree = "<group>";
		};
		A8568D3A2AA4EC2D00996C16 /* Network */ = {
			isa = PBXGroup;
			children = (
				A8568D3B2AA4EC6900996C16 /* HTTPClient.swift */,
			);
			path = Network;
			sourceTree = "<group>";
		};
		A89807D72AADE4A8007955E7 /* ViewModel */ = {
			isa = PBXGroup;
			children = (
				A89807D82AADE554007955E7 /* FeedViewModel.swift */,
				A8568D3D2AA4F1A900996C16 /* PopulationViewModel.swift */,
			);
			path = ViewModel;
			sourceTree = "<group>";
		};
		A89807DA2AADE583007955E7 /* Model */ = {
			isa = PBXGroup;
			children = (
				A89807DB2AADE59D007955E7 /* Feed.swift */,
				A89807DE2AADE5BF007955E7 /* Population.swift */,
			);
			path = Model;
			sourceTree = "<group>";
		};
/* End PBXGroup section */

/* Begin PBXNativeTarget section */
		A8568D282AA4EC1000996C16 /* CombineApp */ = {
			isa = PBXNativeTarget;
			buildConfigurationList = A8568D372AA4EC1000996C16 /* Build configuration list for PBXNativeTarget "CombineApp" */;
			buildPhases = (
				A8568D252AA4EC1000996C16 /* Sources */,
				A8568D262AA4EC1000996C16 /* Frameworks */,
				A8568D272AA4EC1000996C16 /* Resources */,
			);
			buildRules = (
			);
			dependencies = (
			);
			name = CombineApp;
			productName = CombineApp;
			productReference = A8568D292AA4EC1000996C16 /* CombineApp.app */;
			productType = "com.apple.product-type.application";
		};
/* End PBXNativeTarget section */

/* Begin PBXProject section */
		A8568D212AA4EC1000996C16 /* Project object */ = {
			isa = PBXProject;
			attributes = {
				BuildIndependentTargetsInParallel = 1;
				LastSwiftUpdateCheck = 1430;
				LastUpgradeCheck = 1430;
				TargetAttributes = {
					A8568D282AA4EC1000996C16 = {
						CreatedOnToolsVersion = 14.3.1;
					};
				};
			};
			buildConfigurationList = A8568D242AA4EC1000996C16 /* Build configuration list for PBXProject "CombineApp" */;
			compatibilityVersion = "Xcode 14.0";
			developmentRegion = en;
			hasScannedForEncodings = 0;
			knownRegions = (
				en,
				Base,
			);
			mainGroup = A8568D202AA4EC1000996C16;
			productRefGroup = A8568D2A2AA4EC1000996C16 /* Products */;
			projectDirPath = "";
			projectRoot = "";
			targets = (
				A8568D282AA4EC1000996C16 /* CombineApp */,
			);
		};
/* End PBXProject section */

/* Begin PBXResourcesBuildPhase section */
		A8568D272AA4EC1000996C16 /* Resources */ = {
			isa = PBXResourcesBuildPhase;
			buildActionMask = 2147483647;
			files = (
				A8568D342AA4EC1000996C16 /* Preview Assets.xcassets in Resources */,
				A8568D312AA4EC1000996C16 /* Assets.xcassets in Resources */,
			);
			runOnlyForDeploymentPostprocessing = 0;
		};
/* End PBXResourcesBuildPhase section */

/* Begin PBXSourcesBuildPhase section */
		A8568D252AA4EC1000996C16 /* Sources */ = {
			isa = PBXSourcesBuildPhase;
			buildActionMask = 2147483647;
			files = (
				A89807D62AADE440007955E7 /* FeedView.swift in Sources */,
				A89807D92AADE554007955E7 /* FeedViewModel.swift in Sources */,
				A8568D2F2AA4EC1000996C16 /* ContentView.swift in Sources */,
				A89807DC2AADE59D007955E7 /* Feed.swift in Sources */,
				A8568D2D2AA4EC1000996C16 /* CombineAppApp.swift in Sources */,
				A8568D3E2AA4F1A900996C16 /* PopulationViewModel.swift in Sources */,
				A89807DF2AADE5BF007955E7 /* Population.swift in Sources */,
				A8568D3C2AA4EC6900996C16 /* HTTPClient.swift in Sources */,
			);
			runOnlyForDeploymentPostprocessing = 0;
		};
/* End PBXSourcesBuildPhase section */

/* Begin XCBuildConfiguration section */
		A8568D352AA4EC1000996C16 /* Debug */ = {
			isa = XCBuildConfiguration;
			buildSettings = {
				ALWAYS_SEARCH_USER_PATHS = NO;
				CLANG_ANALYZER_NONNULL = YES;
				CLANG_ANALYZER_NUMBER_OBJECT_CONVERSION = YES_AGGRESSIVE;
				CLANG_CXX_LANGUAGE_STANDARD = "gnu++20";
				CLANG_ENABLE_MODULES = YES;
				CLANG_ENABLE_OBJC_ARC = YES;
				CLANG_ENABLE_OBJC_WEAK = YES;
				CLANG_WARN_BLOCK_CAPTURE_AUTORELEASING = YES;
				CLANG_WARN_BOOL_CONVERSION = YES;
				CLANG_WARN_COMMA = YES;
				CLANG_WARN_CONSTANT_CONVERSION = YES;
				CLANG_WARN_DEPRECATED_OBJC_IMPLEMENTATIONS = YES;
				CLANG_WARN_DIRECT_OBJC_ISA_USAGE = YES_ERROR;
				CLANG_WARN_DOCUMENTATION_COMMENTS = YES;
				CLANG_WARN_EMPTY_BODY = YES;
				CLANG_WARN_ENUM_CONVERSION = YES;
				CLANG_WARN_INFINITE_RECURSION = YES;
				CLANG_WARN_INT_CONVERSION = YES;
				CLANG_WARN_NON_LITERAL_NULL_CONVERSION = YES;
				CLANG_WARN_OBJC_IMPLICIT_RETAIN_SELF = YES;
				CLANG_WARN_OBJC_LITERAL_CONVERSION = YES;
				CLANG_WARN_OBJC_ROOT_CLASS = YES_ERROR;
				CLANG_WARN_QUOTED_INCLUDE_IN_FRAMEWORK_HEADER = YES;
				CLANG_WARN_RANGE_LOOP_ANALYSIS = YES;
				CLANG_WARN_STRICT_PROTOTYPES = YES;
				CLANG_WARN_SUSPICIOUS_MOVE = YES;
				CLANG_WARN_UNGUARDED_AVAILABILITY = YES_AGGRESSIVE;
				CLANG_WARN_UNREACHABLE_CODE = YES;
				CLANG_WARN__DUPLICATE_METHOD_MATCH = YES;
				COPY_PHASE_STRIP = NO;
				DEBUG_INFORMATION_FORMAT = dwarf;
				ENABLE_STRICT_OBJC_MSGSEND = YES;
				ENABLE_TESTABILITY = YES;
				GCC_C_LANGUAGE_STANDARD = gnu11;
				GCC_DYNAMIC_NO_PIC = NO;
				GCC_NO_COMMON_BLOCKS = YES;
				GCC_OPTIMIZATION_LEVEL = 0;
				GCC_PREPROCESSOR_DEFINITIONS = (
					"DEBUG=1",
					"$(inherited)",
				);
				GCC_WARN_64_TO_32_BIT_CONVERSION = YES;
				GCC_WARN_ABOUT_RETURN_TYPE = YES_ERROR;
				GCC_WARN_UNDECLARED_SELECTOR = YES;
				GCC_WARN_UNINITIALIZED_AUTOS = YES_AGGRESSIVE;
				GCC_WARN_UNUSED_FUNCTION = YES;
				GCC_WARN_UNUSED_VARIABLE = YES;
				IPHONEOS_DEPLOYMENT_TARGET = 16.4;
				MTL_ENABLE_DEBUG_INFO = INCLUDE_SOURCE;
				MTL_FAST_MATH = YES;
				ONLY_ACTIVE_ARCH = YES;
				SDKROOT = iphoneos;
				SWIFT_ACTIVE_COMPILATION_CONDITIONS = DEBUG;
				SWIFT_OPTIMIZATION_LEVEL = "-Onone";
			};
			name = Debug;
		};
		A8568D362AA4EC1000996C16 /* Release */ = {
			isa = XCBuildConfiguration;
			buildSettings = {
				ALWAYS_SEARCH_USER_PATHS = NO;
				CLANG_ANALYZER_NONNULL = YES;
				CLANG_ANALYZER_NUMBER_OBJECT_CONVERSION = YES_AGGRESSIVE;
				CLANG_CXX_LANGUAGE_STANDARD = "gnu++20";
				CLANG_ENABLE_MODULES = YES;
				CLANG_ENABLE_OBJC_ARC = YES;
				CLANG_ENABLE_OBJC_WEAK = YES;
				CLANG_WARN_BLOCK_CAPTURE_AUTORELEASING = YES;
				CLANG_WARN_BOOL_CONVERSION = YES;
				CLANG_WARN_COMMA = YES;
				CLANG_WARN_CONSTANT_CONVERSION = YES;
				CLANG_WARN_DEPRECATED_OBJC_IMPLEMENTATIONS = YES;
				CLANG_WARN_DIRECT_OBJC_ISA_USAGE = YES_ERROR;
				CLANG_WARN_DOCUMENTATION_COMMENTS = YES;
				CLANG_WARN_EMPTY_BODY = YES;
				CLANG_WARN_ENUM_CONVERSION = YES;
				CLANG_WARN_INFINITE_RECURSION = YES;
				CLANG_WARN_INT_CONVERSION = YES;
				CLANG_WARN_NON_LITERAL_NULL_CONVERSION = YES;
				CLANG_WARN_OBJC_IMPLICIT_RETAIN_SELF = YES;
				CLANG_WARN_OBJC_LITERAL_CONVERSION = YES;
				CLANG_WARN_OBJC_ROOT_CLASS = YES_ERROR;
				CLANG_WARN_QUOTED_INCLUDE_IN_FRAMEWORK_HEADER = YES;
				CLANG_WARN_RANGE_LOOP_ANALYSIS = YES;
				CLANG_WARN_STRICT_PROTOTYPES = YES;
				CLANG_WARN_SUSPICIOUS_MOVE = YES;
				CLANG_WARN_UNGUARDED_AVAILABILITY = YES_AGGRESSIVE;
				CLANG_WARN_UNREACHABLE_CODE = YES;
				CLANG_WARN__DUPLICATE_METHOD_MATCH = YES;
				COPY_PHASE_STRIP = NO;
				DEBUG_INFORMATION_FORMAT = "dwarf-with-dsym";
				ENABLE_NS_ASSERTIONS = NO;
				ENABLE_STRICT_OBJC_MSGSEND = YES;
				GCC_C_LANGUAGE_STANDARD = gnu11;
				GCC_NO_COMMON_BLOCKS = YES;
				GCC_WARN_64_TO_32_BIT_CONVERSION = YES;
				GCC_WARN_ABOUT_RETURN_TYPE = YES_ERROR;
				GCC_WARN_UNDECLARED_SELECTOR = YES;
				GCC_WARN_UNINITIALIZED_AUTOS = YES_AGGRESSIVE;
				GCC_WARN_UNUSED_FUNCTION = YES;
				GCC_WARN_UNUSED_VARIABLE = YES;
				IPHONEOS_DEPLOYMENT_TARGET = 16.4;
				MTL_ENABLE_DEBUG_INFO = NO;
				MTL_FAST_MATH = YES;
				SDKROOT = iphoneos;
				SWIFT_COMPILATION_MODE = wholemodule;
				SWIFT_OPTIMIZATION_LEVEL = "-O";
				VALIDATE_PRODUCT = YES;
			};
			name = Release;
		};
		A8568D382AA4EC1000996C16 /* Debug */ = {
			isa = XCBuildConfiguration;
			buildSettings = {
				ASSETCATALOG_COMPILER_APPICON_NAME = AppIcon;
				ASSETCATALOG_COMPILER_GLOBAL_ACCENT_COLOR_NAME = AccentColor;
				CODE_SIGN_STYLE = Automatic;
				CURRENT_PROJECT_VERSION = 1;
				DEVELOPMENT_ASSET_PATHS = "\"CombineApp/Preview Content\"";
				ENABLE_PREVIEWS = YES;
				GENERATE_INFOPLIST_FILE = YES;
				INFOPLIST_KEY_UIApplicationSceneManifest_Generation = YES;
				INFOPLIST_KEY_UIApplicationSupportsIndirectInputEvents = YES;
				INFOPLIST_KEY_UILaunchScreen_Generation = YES;
				INFOPLIST_KEY_UISupportedInterfaceOrientations_iPad = "UIInterfaceOrientationPortrait UIInterfaceOrientationPortraitUpsideDown UIInterfaceOrientationLandscapeLeft UIInterfaceOrientationLandscapeRight";
				INFOPLIST_KEY_UISupportedInterfaceOrientations_iPhone = "UIInterfaceOrientationPortrait UIInterfaceOrientationLandscapeLeft UIInterfaceOrientationLandscapeRight";
				LD_RUNPATH_SEARCH_PATHS = (
					"$(inherited)",
					"@executable_path/Frameworks",
				);
				MARKETING_VERSION = 1.0;
				PRODUCT_BUNDLE_IDENTIFIER = DKD.CombineApp;
				PRODUCT_NAME = "$(TARGET_NAME)";
				SWIFT_EMIT_LOC_STRINGS = YES;
				SWIFT_VERSION = 5.0;
				TARGETED_DEVICE_FAMILY = "1,2";
			};
			name = Debug;
		};
		A8568D392AA4EC1000996C16 /* Release */ = {
			isa = XCBuildConfiguration;
			buildSettings = {
				ASSETCATALOG_COMPILER_APPICON_NAME = AppIcon;
				ASSETCATALOG_COMPILER_GLOBAL_ACCENT_COLOR_NAME = AccentColor;
				CODE_SIGN_STYLE = Automatic;
				CURRENT_PROJECT_VERSION = 1;
				DEVELOPMENT_ASSET_PATHS = "\"CombineApp/Preview Content\"";
				ENABLE_PREVIEWS = YES;
				GENERATE_INFOPLIST_FILE = YES;
				INFOPLIST_KEY_UIApplicationSceneManifest_Generation = YES;
				INFOPLIST_KEY_UIApplicationSupportsIndirectInputEvents = YES;
				INFOPLIST_KEY_UILaunchScreen_Generation = YES;
				INFOPLIST_KEY_UISupportedInterfaceOrientations_iPad = "UIInterfaceOrientationPortrait UIInterfaceOrientationPortraitUpsideDown UIInterfaceOrientationLandscapeLeft UIInterfaceOrientationLandscapeRight";
				INFOPLIST_KEY_UISupportedInterfaceOrientations_iPhone = "UIInterfaceOrientationPortrait UIInterfaceOrientationLandscapeLeft UIInterfaceOrientationLandscapeRight";
				LD_RUNPATH_SEARCH_PATHS = (
					"$(inherited)",
					"@executable_path/Frameworks",
				);
				MARKETING_VERSION = 1.0;
				PRODUCT_BUNDLE_IDENTIFIER = DKD.CombineApp;
				PRODUCT_NAME = "$(TARGET_NAME)";
				SWIFT_EMIT_LOC_STRINGS = YES;
				SWIFT_VERSION = 5.0;
				TARGETED_DEVICE_FAMILY = "1,2";
			};
			name = Release;
		};
/* End XCBuildConfiguration section */

/* Begin XCConfigurationList section */
		A8568D242AA4EC1000996C16 /* Build configuration list for PBXProject "CombineApp" */ = {
			isa = XCConfigurationList;
			buildConfigurations = (
				A8568D352AA4EC1000996C16 /* Debug */,
				A8568D362AA4EC1000996C16 /* Release */,
			);
			defaultConfigurationIsVisible = 0;
			defaultConfigurationName = Release;
		};
		A8568D372AA4EC1000996C16 /* Build configuration list for PBXNativeTarget "CombineApp" */ = {
			isa = XCConfigurationList;
			buildConfigurations = (
				A8568D382AA4EC1000996C16 /* Debug */,
				A8568D392AA4EC1000996C16 /* Release */,
			);
			defaultConfigurationIsVisible = 0;
			defaultConfigurationName = Release;
		};
/* End XCConfigurationList section */
	};
	rootObject = A8568D212AA4EC1000996C16 /* Project object */;
}
